	<Project xmlns="http://schemas.microsoft.com/developer/msbuild/2003">
		<PropertyGroup>
			<ProjectGuid>{E1F317D6-9CB4-4E47-AC93-D0E7E3B0D84D}</ProjectGuid>
			<ProjectVersion>13.4</ProjectVersion>
			<MainSource>AquelooSIGA.dpr</MainSource>
			<Config Condition="'$(Config)'==''">Debug</Config>
			<DCC_DCCCompiler>DCC32</DCC_DCCCompiler>
			<FrameworkType>VCL</FrameworkType>
			<Base>True</Base>
			<Platform Condition="'$(Platform)'==''">Win32</Platform>
			<TargetedPlatforms>1</TargetedPlatforms>
			<AppType>Application</AppType>
		</PropertyGroup>
		<PropertyGroup Condition="'$(Config)'=='Base' or '$(Base)'!=''">
			<Base>true</Base>
		</PropertyGroup>
		<PropertyGroup Condition="('$(Platform)'=='Win64' and '$(Base)'=='true') or '$(Base_Win64)'!=''">
			<Base_Win64>true</Base_Win64>
			<CfgParent>Base</CfgParent>
			<Base>true</Base>
		</PropertyGroup>
		<PropertyGroup Condition="('$(Platform)'=='Win32' and '$(Base)'=='true') or '$(Base_Win32)'!=''">
			<Base_Win32>true</Base_Win32>
			<CfgParent>Base</CfgParent>
			<Base>true</Base>
		</PropertyGroup>
		<PropertyGroup Condition="'$(Config)'=='Release' or '$(Cfg_1)'!=''">
			<Cfg_1>true</Cfg_1>
			<CfgParent>Base</CfgParent>
			<Base>true</Base>
		</PropertyGroup>
		<PropertyGroup Condition="'$(Config)'=='Debug' or '$(Cfg_2)'!=''">
			<Cfg_2>true</Cfg_2>
			<CfgParent>Base</CfgParent>
			<Base>true</Base>
		</PropertyGroup>
		<PropertyGroup Condition="('$(Platform)'=='Win64' and '$(Cfg_2)'=='true') or '$(Cfg_2_Win64)'!=''">
			<Cfg_2_Win64>true</Cfg_2_Win64>
			<CfgParent>Cfg_2</CfgParent>
			<Cfg_2>true</Cfg_2>
			<Base>true</Base>
		</PropertyGroup>
		<PropertyGroup Condition="('$(Platform)'=='Win32' and '$(Cfg_2)'=='true') or '$(Cfg_2_Win32)'!=''">
			<Cfg_2_Win32>true</Cfg_2_Win32>
			<CfgParent>Cfg_2</CfgParent>
			<Cfg_2>true</Cfg_2>
			<Base>true</Base>
		</PropertyGroup>
		<PropertyGroup Condition="'$(Base)'!=''">
			<DCC_OutputDRCFile>true</DCC_OutputDRCFile>
			<VerInfo_Keys>CompanyName=;FileDescription=;FileVersion=1.0.2.0;InternalName=;LegalCopyright=;LegalTrademarks=;OriginalFilename=;ProductName=;ProductVersion=1.0.0.0;Comments=</VerInfo_Keys>
			<DCC_Namespace>Vcl;Vcl.Imaging;Vcl.Touch;Vcl.Samples;Vcl.Shell;System;Xml;Data;Datasnap;Web;Soap;Winapi;System.Win;Bde;$(DCC_Namespace)</DCC_Namespace>
			<VerInfo_IncludeVerInfo>true</VerInfo_IncludeVerInfo>
			<VerInfo_Release>2</VerInfo_Release>
			<VerInfo_Locale>1046</VerInfo_Locale>
			<DCC_DcuOutput>dcu\</DCC_DcuOutput>
			<DCC_UnitSearchPath>$(BDS)\ZeosDBO\src;$(BDS)\ZeosDBO\packages\Delphi2010;$(BDS)\ZeosDBO\packages\Delphi2010\build\;$(DCC_UnitSearchPath)</DCC_UnitSearchPath>
			<DCC_UsePackage>vclx;vcl;vclimg;dbrtl;Rave77VCL;bdertl;rtl;vclactnband;xmlrtl;vcldb;vcldbx;vcltouch;dsnap;dsnapcon;TeeUI;TeeDB;Tee;vclib;ibxpress;adortl;IndyCore;IndySystem;IndyProtocols;VclSmp;vclie;inet;websnap;webdsnap;inetdb;inetdbbde;inetdbxpress;soaprtl;vclribbon;dbexpress;DbxCommonDriver;DataSnapIndy10ServerTransport;DataSnapProviderClient;DbxClientDriver;DataSnapServer;DBXInterBaseDriver;DBXMySQLDriver;dbxcds;DBXFirebirdDriver;DBXSybaseASEDriver;DBXSybaseASADriver;DBXOracleDriver;DBXMSSQLDriver;DBXInformixDriver;DBXDb2Driver;SynEdit_R2010;ZComponent;ZDbc;ZPlain;ZCore;ZParseSql;acnt2010_R;tmsd2010;JclDeveloperTools;Jcl;JclVcl;JclContainers;JvCore;JvSystem;JvStdCtrls;JvAppFrm;JvBands;JvDB;JvDlgs;JvBDE;JvControls;JvCmp;JvCrypt;JvCustom;JvDocking;JvDotNetCtrls;JvGlobus;JvHMI;JvJans;JvManagedThreads;JvMM;JvNet;JvPageComps;JvPascalInterpreter;JvPluginSystem;JvPrintPreview;JvRuntimeDesign;JvTimeFramework;JvWizards;JvXPCtrls;FlexCel_Core;$(DCC_UsePackage)</DCC_UsePackage>
			<BRCC_IncludePath>$(BDS)\ZeosDBO\src;$(BDS)\ZeosDBO\packages\Delphi2010;$(BDS)\ZeosDBO\packages\Delphi2010\build\;$(BRCC_IncludePath)</BRCC_IncludePath>
			<DCC_DependencyCheckOutputName>AquelooSIGA.exe</DCC_DependencyCheckOutputName>
			<DCC_ImageBase>00400000</DCC_ImageBase>
			<DCC_Platform>x86</DCC_Platform>
		</PropertyGroup>
		<PropertyGroup Condition="'$(Base_Win64)'!=''">
			<DCC_Namespace>Data.Win;Datasnap.Win;Web.Win;Soap.Win;Xml.Win;$(DCC_Namespace)</DCC_Namespace>
			<VerInfo_Locale>1033</VerInfo_Locale>
			<VerInfo_Keys>CompanyName=;FileDescription=;FileVersion=1.0.0.0;InternalName=;LegalCopyright=;LegalTrademarks=;OriginalFilename=;ProductName=;ProductVersion=1.0.0.0;Comments=</VerInfo_Keys>
			<Icon_MainIcon>AquelooSIGA_Icon2.ico</Icon_MainIcon>
			<Manifest_File>$(BDS)\bin\default_app.manifest</Manifest_File>
		</PropertyGroup>
		<PropertyGroup Condition="'$(Base_Win32)'!=''">
			<DCC_UsePackage>cetoolspkgdXE2;vcwdXE2;$(DCC_UsePackage)</DCC_UsePackage>
			<VerInfo_IncludeVerInfo>true</VerInfo_IncludeVerInfo>
			<Icon_MainIcon>AquelooSIGA_Icon2.ico</Icon_MainIcon>
			<DCC_Namespace>Data.Win;Datasnap.Win;Web.Win;Soap.Win;Xml.Win;$(DCC_Namespace)</DCC_Namespace>
			<VerInfo_Locale>1033</VerInfo_Locale>
			<Manifest_File>$(BDS)\bin\default_app.manifest</Manifest_File>
			<VerInfo_Keys>CompanyName=;FileDescription=;FileVersion=1.0.0.0;InternalName=;LegalCopyright=;LegalTrademarks=;OriginalFilename=;ProductName=;ProductVersion=1.0.0.0;Comments=</VerInfo_Keys>
		</PropertyGroup>
		<PropertyGroup Condition="'$(Cfg_1)'!=''">
			<DCC_LocalDebugSymbols>false</DCC_LocalDebugSymbols>
			<DCC_Define>RELEASE;$(DCC_Define)</DCC_Define>
			<DCC_SymbolReferenceInfo>0</DCC_SymbolReferenceInfo>
			<DCC_DebugInformation>false</DCC_DebugInformation>
		</PropertyGroup>
		<PropertyGroup Condition="'$(Cfg_2)'!=''">
			<DCC_Define>DEBUG;$(DCC_Define)</DCC_Define>
		</PropertyGroup>
		<PropertyGroup Condition="'$(Cfg_2_Win64)'!=''">
			<VerInfo_Locale>1033</VerInfo_Locale>
			<VerInfo_Keys>CompanyName=;FileDescription=;FileVersion=1.0.0.0;InternalName=;LegalCopyright=;LegalTrademarks=;OriginalFilename=;ProductName=;ProductVersion=1.0.0.0;Comments=</VerInfo_Keys>
			<Icon_MainIcon>AquelooSIGA_Icon.ico</Icon_MainIcon>
		</PropertyGroup>
		<PropertyGroup Condition="'$(Cfg_2_Win32)'!=''">
			<VerInfo_Locale>1033</VerInfo_Locale>
			<BRCC_OutputDir>res</BRCC_OutputDir>
			<DCC_UnitSearchPath>H:\Aqueloo\SIGA.V2\PTB;$(DCC_UnitSearchPath)</DCC_UnitSearchPath>
			<VerInfo_MinorVer>7</VerInfo_MinorVer>
			<VerInfo_MajorVer>2</VerInfo_MajorVer>
			<VerInfo_Keys>CompanyName=Aqueloo Projetos LTDA;FileDescription=;FileVersion=2.7.2.0;InternalName=AquelooSIGA;LegalCopyright=Aqueloo;LegalTrademarks=;OriginalFilename=SIGA;ProductName=Aqueloo - SIGA;ProductVersion=2.7;Comments=Sistema de Gestão de Aquisições - Desenvolvido por Jorge Valladão</VerInfo_Keys>
			<Icon_MainIcon>AquelooSIGA_Icon.ico</Icon_MainIcon>
		</PropertyGroup>
		<ItemGroup>
			<DelphiCompile Include="$(MainSource)">
				<MainSource>MainSource</MainSource>
			</DelphiCompile>
			<DCCReference Include="unPrincipal.pas">
				<Form>FmPrincipal</Form>
			</DCCReference>
			<DCCReference Include="datamodules\undmPrincipal.pas">
				<Form>dmPrincipal</Form>
				<DesignClass>TDataModule</DesignClass>
			</DCCReference>
			<DCCReference Include="log4delphi\DCConfiguration.pas"/>
			<DCCReference Include="log4delphi\log4fpc.pas"/>
			<DCCReference Include="log4delphi\TAppenderUnit.pas"/>
			<DCCReference Include="log4delphi\TBDELogInserterUnit.pas"/>
			<DCCReference Include="log4delphi\TConfiguratorUnit.pas"/>
			<DCCReference Include="log4delphi\TDBAppenderUnit.pas"/>
			<DCCReference Include="log4delphi\TDBLogInserterUnit.pas"/>
			<DCCReference Include="log4delphi\TDBXLogInserterUnit.pas"/>
			<DCCReference Include="log4delphi\TErrorHandlerUnit.pas"/>
			<DCCReference Include="log4delphi\TFileAppenderUnit.pas"/>
			<DCCReference Include="log4delphi\THTMLLayoutUnit.pas"/>
			<DCCReference Include="log4delphi\TIBXLogInserterUnit.pas"/>
			<DCCReference Include="log4delphi\TIniConfiguratorUnit.pas"/>
			<DCCReference Include="log4delphi\TLayoutUnit.pas"/>
			<DCCReference Include="log4delphi\TLevelUnit.pas"/>
			<DCCReference Include="log4delphi\TLoggerUnit.pas"/>
			<DCCReference Include="log4delphi\TLoggingEventUnit.pas"/>
			<DCCReference Include="log4delphi\TLogLogUnit.pas"/>
			<DCCReference Include="log4delphi\TNullAppenderUnit.pas"/>
			<DCCReference Include="log4delphi\TOnlyOnceErrorHandlerUnit.pas"/>
			<DCCReference Include="log4delphi\TOptionConverterUnit.pas"/>
			<DCCReference Include="log4delphi\TPatternLayoutUnit.pas"/>
			<DCCReference Include="log4delphi\TPrintWriterUnit.pas"/>
			<DCCReference Include="log4delphi\TPropertiesUnit.pas"/>
			<DCCReference Include="log4delphi\TPropertyConfiguratorUnit.pas"/>
			<DCCReference Include="log4delphi\TRollingFileAppenderUnit.pas"/>
			<DCCReference Include="log4delphi\TSimpleLayoutUnit.pas"/>
			<DCCReference Include="log4delphi\TStringUnit.pas"/>
			<DCCReference Include="log4delphi\TWriterAppenderUnit.pas"/>
			<DCCReference Include="log4delphi\TXMLLayoutUnit.pas"/>
			<DCCReference Include="log4delphi\TConsoleUnit.pas">
				<Form>TConsole</Form>
			</DCCReference>
			<DCCReference Include="unAplEnviaEmail.pas">
				<Form>fmAplEnviaEmail</Form>
			</DCCReference>
			<DCCReference Include="unCadUsuarioAlteraSenha.pas">
				<Form>fmCadUsuarioAlteraSenha</Form>
			</DCCReference>
			<DCCReference Include="unCadDocumento.pas">
				<Form>fmCadDocumento</Form>
			</DCCReference>
			<DCCReference Include="unAplVisualizaImagem.pas">
				<Form>fmAplVisualizaImagem</Form>
			</DCCReference>
			<DCCReference Include="unCadImagem.pas">
				<Form>fmCadImagem</Form>
			</DCCReference>
			<DCCReference Include="unCadPerfil.pas">
				<Form>fmCadPerfil</Form>
			</DCCReference>
			<DCCReference Include="UnAplExportaXLS.pas"/>
			<DCCReference Include="unConFiltroPadrao.pas">
				<Form>fmConFiltroPadrao</Form>
			</DCCReference>
			<DCCReference Include="unConFiltroMaterial.pas">
				<Form>fmConFiltroMaterial</Form>
			</DCCReference>
			<DCCReference Include="unCadUsuario.pas">
				<Form>fmCadUsuario</Form>
			</DCCReference>
			<DCCReference Include="unCadTipoMovimento.pas">
				<Form>fmCadTipoMovimento</Form>
			</DCCReference>
			<DCCReference Include="unCadFormaPagamento.pas">
				<Form>fmCadFormaPagamento</Form>
			</DCCReference>
			<DCCReference Include="unCadFornecedor.pas">
				<Form>fmCadFornecedor</Form>
			</DCCReference>
			<DCCReference Include="unCadMotivoUrgencia.pas">
				<Form>fmCadMotivoUrgencia</Form>
			</DCCReference>
			<DCCReference Include="unCadMarca.pas">
				<Form>fmCadMarca</Form>
			</DCCReference>
			<DCCReference Include="unCadModelo.pas">
				<Form>fmCadModelo</Form>
			</DCCReference>
			<DCCReference Include="unCadPais.pas">
				<Form>fmCadPais</Form>
			</DCCReference>
			<DCCReference Include="unCadUF.pas">
				<Form>fmCadUF</Form>
			</DCCReference>
			<DCCReference Include="unCadLocalidade.pas">
				<Form>fmCadLocalidade</Form>
			</DCCReference>
			<DCCReference Include="unCadEmbalagem.pas">
				<Form>fmCadEmbalagem</Form>
			</DCCReference>
			<DCCReference Include="unCadBairro.pas">
				<Form>fmCadBairro</Form>
			</DCCReference>
			<DCCReference Include="unCadCEP.pas">
				<Form>fmCadCEP</Form>
			</DCCReference>
			<DCCReference Include="unCadLogradouro.pas">
				<Form>fmCadLogradouro</Form>
			</DCCReference>
			<DCCReference Include="unCadFamilia.pas">
				<Form>fmCadFamilia</Form>
			</DCCReference>
			<DCCReference Include="unCadMaterial.pas">
				<Form>fmCadMaterial</Form>
			</DCCReference>
			<DCCReference Include="unConAquisicao.pas">
				<Form>fmConAquisicao</Form>
			</DCCReference>
			<DCCReference Include="unConAquisicaoItens.pas">
				<Form>fmConAquisicaoItens</Form>
			</DCCReference>
			<DCCReference Include="unCadAquisicao.pas">
				<Form>fmCadAquisicao</Form>
			</DCCReference>
			<DCCReference Include="unConAquisicaoParcelasPendentes.pas">
				<Form>fmConAquisicaoParcelasPendentes</Form>
			</DCCReference>
			<DCCReference Include="unConAquisicaoEntregasPendentes.pas">
				<Form>fmConAquisicaoEntregasPendentes</Form>
			</DCCReference>
			<DCCReference Include="unAplOrdenaGrid.pas">
				<Form>fmAplOrdenaGrid</Form>
				<FormType>dfm</FormType>
			</DCCReference>
			<DCCReference Include="unRelHistoricoAquisicaoParcela.pas">
				<Form>fmRelHistoricoAquisicaoParcela</Form>
			</DCCReference>
			<DCCReference Include="unRelHistoricoMovimento.pas">
				<Form>fmRelHistoricoMovimento</Form>
			</DCCReference>
			<DCCReference Include="unCadLimiteFinanceiro.pas">
				<Form>fmCadLimiteFinanceiro</Form>
				<FormType>dfm</FormType>
			</DCCReference>
			<DCCReference Include="unCadAquisicaoParcela.pas">
				<Form>fmCadAquisicaoParcela</Form>
			</DCCReference>
			<DCCReference Include="unCadReceita.pas">
				<Form>fmCadReceita</Form>
			</DCCReference>
			<DCCReference Include="unAplEditaTexto.pas">
				<Form>fmAplEditaTexto</Form>
				<FormType>dfm</FormType>
			</DCCReference>
			<DCCReference Include="unCadDespesaConfiguracao.pas">
				<Form>fmCadDespesaConfiguracao</Form>
				<FormType>dfm</FormType>
			</DCCReference>
			<DCCReference Include="unCadDespesa.pas">
				<Form>fmCadDespesa</Form>
			</DCCReference>
			<DCCReference Include="unConDespesaItensPendentes.pas">
				<Form>fmConDespesaItensPendentes</Form>
			</DCCReference>
			<DCCReference Include="unConMovimentacao.pas">
				<Form>fmConMovimentacao</Form>
			</DCCReference>
			<DCCReference Include="unRelHistoricoMaterialGarantia.pas">
				<Form>fmRelHistoricoMaterialGarantia</Form>
			</DCCReference>
			<DCCReference Include="unConDocumento.pas">
				<Form>fmConDocumento</Form>
			</DCCReference>
			<DCCReference Include="unRelHistoricoMaterialFornecedor.pas">
				<Form>fmRelHistoricoMaterialFornecedor</Form>
			</DCCReference>
			<DCCReference Include="unAplValidaAcesso.pas">
				<Form>fmAplValidaAcesso</Form>
			</DCCReference>
			<DCCReference Include="Datamodules\undmEstilo.pas">
				<Form>dmEstilo</Form>
				<FormType>dfm</FormType>
				<DesignClass>TDataModule</DesignClass>
			</DCCReference>
			<DCCReference Include="unCadAquisicaoItem.pas">
				<Form>fmAquisicaoItem</Form>
				<FormType>dfm</FormType>
			</DCCReference>
			<DCCReference Include="unCadInvestimento.pas">
				<Form>fmCadInvestimento</Form>
			</DCCReference>
			<DCCReference Include="unCadInvestimentoLimite.pas">
				<Form>fmCadInvestimentoLimite</Form>
			</DCCReference>
			<DCCReference Include="unCadReceitaConfiguracao.pas">
				<Form>fmCadReceitaConfiguracao</Form>
			</DCCReference>
			<DCCReference Include="unRelHistoricoCombustivel.pas">
				<Form>fmRelHistoricoCombustivel</Form>
			</DCCReference>
			<DCCReference Include="unCadInvestimentoSaqueParcial.pas">
				<Form>fmCadInvestimentoSaqueParcial</Form>
			</DCCReference>
			<DCCReference Include="classes\unCriptografia.pas"/>
			<DCCReference Include="classes\unGeral.pas"/>
			<DCCReference Include="classes\unInformacaoGeografica.pas"/>
			<DCCReference Include="classes\unManipulaXML.pas"/>
			<DCCReference Include="classes\unPais.pas"/>
			<DCCReference Include="classes\unParametro.pas"/>
			<DCCReference Include="classes\unUnidadeFederacao.pas"/>
			<DCCReference Include="classes\unLocalidade.pas"/>
			<DCCReference Include="classes\unLogradouro.pas"/>
			<DCCReference Include="classes\unBairro.pas"/>
			<DCCReference Include="classes\unCEP.pas"/>
			<DCCReference Include="classes\unSujeito.pas"/>
			<DCCReference Include="classes\unUsuario.pas"/>
			<DCCReference Include="classes\unFornecedor.pas"/>
			<DCCReference Include="classes\unCadastroBasico.pas"/>
			<DCCReference Include="classes\unPerfil.pas"/>
			<DCCReference Include="classes\unMotivoUrgencia.pas"/>
			<DCCReference Include="classes\unFormaPagamento.pas"/>
			<DCCReference Include="classes\unTipoMovimento.pas"/>
			<DCCReference Include="classes\unCatalogo.pas"/>
			<DCCReference Include="classes\unFamilia.pas"/>
			<DCCReference Include="classes\unMarca.pas"/>
			<DCCReference Include="classes\unModelo.pas"/>
			<DCCReference Include="classes\unEmbalagem.pas"/>
			<DCCReference Include="classes\unMaterial.pas"/>
			<DCCReference Include="classes\unDocumento.pas"/>
			<DCCReference Include="classes\unInvestimento.pas"/>
			<DCCReference Include="classes\unAquisicao.pas"/>
			<DCCReference Include="classes\unDespesa.pas"/>
			<DCCReference Include="classes\unReceita.pas"/>
			<DCCReference Include="classes\unResSearch.pas"/>
			<DCCReference Include="unAplConfiguracoes.pas">
				<Form>fmAplConfiguracoes</Form>
			</DCCReference>
			<DCCReference Include="unAplInicializa.pas">
				<Form>fmAplInicializa</Form>
				<FormType>dfm</FormType>
			</DCCReference>
			<RcItem Include="favicon.ico">
				<ResourceType>ICON</ResourceType>
				<ResourceId>Logo</ResourceId>
			</RcItem>
			<BuildConfiguration Include="Debug">
				<Key>Cfg_2</Key>
				<CfgParent>Base</CfgParent>
			</BuildConfiguration>
			<BuildConfiguration Include="Base">
				<Key>Base</Key>
			</BuildConfiguration>
			<BuildConfiguration Include="Release">
				<Key>Cfg_1</Key>
				<CfgParent>Base</CfgParent>
			</BuildConfiguration>
		</ItemGroup>
		<Import Condition="Exists('$(BDS)\Bin\CodeGear.Delphi.Targets')" Project="$(BDS)\Bin\CodeGear.Delphi.Targets"/>
		<ProjectExtensions>
			<Borland.Personality>Delphi.Personality.12</Borland.Personality>
			<Borland.ProjectType/>
			<BorlandProject>
				<Delphi.Personality>
					<Source>
						<Source Name="MainSource">AquelooSIGA.dpr</Source>
					</Source>
					<Parameters>
						<Parameters Name="UseLauncher">False</Parameters>
						<Parameters Name="LoadAllSymbols">True</Parameters>
						<Parameters Name="LoadUnspecifiedSymbols">False</Parameters>
					</Parameters>
					<VersionInfo>
						<VersionInfo Name="IncludeVerInfo">True</VersionInfo>
						<VersionInfo Name="AutoIncBuild">False</VersionInfo>
						<VersionInfo Name="MajorVer">1</VersionInfo>
						<VersionInfo Name="MinorVer">0</VersionInfo>
						<VersionInfo Name="Release">2</VersionInfo>
						<VersionInfo Name="Build">0</VersionInfo>
						<VersionInfo Name="Debug">False</VersionInfo>
						<VersionInfo Name="PreRelease">False</VersionInfo>
						<VersionInfo Name="Special">False</VersionInfo>
						<VersionInfo Name="Private">False</VersionInfo>
						<VersionInfo Name="DLL">False</VersionInfo>
						<VersionInfo Name="Locale">1046</VersionInfo>
						<VersionInfo Name="CodePage">1252</VersionInfo>
					</VersionInfo>
					<VersionInfoKeys>
						<VersionInfoKeys Name="CompanyName"/>
						<VersionInfoKeys Name="FileDescription"/>
						<VersionInfoKeys Name="FileVersion">1.0.2.0</VersionInfoKeys>
						<VersionInfoKeys Name="InternalName"/>
						<VersionInfoKeys Name="LegalCopyright"/>
						<VersionInfoKeys Name="LegalTrademarks"/>
						<VersionInfoKeys Name="OriginalFilename"/>
						<VersionInfoKeys Name="ProductName"/>
						<VersionInfoKeys Name="ProductVersion">1.0.0.0</VersionInfoKeys>
						<VersionInfoKeys Name="Comments"/>
					</VersionInfoKeys>
					<Excluded_Packages>
						<Excluded_Packages Name="$(BDSBIN)\dcloffice2k160.bpl">Microsoft Office 2000 Sample Automation Server Wrapper Components</Excluded_Packages>
						<Excluded_Packages Name="$(BDSBIN)\dclofficexp160.bpl">Microsoft Office XP Sample Automation Server Wrapper Components</Excluded_Packages>
					</Excluded_Packages>
					<Language>
						<Language Name="ProjectLang">$00000416</Language>
						<Language Name="ActiveLang">PTB</Language>
					</Language>
					<Resource_DLL_Projects>
						<Resource_DLL_Projects Name="Item0">Português (Brasil)*$00000416*PTB*PTB</Resource_DLL_Projects>
					</Resource_DLL_Projects>
					<Misc_Files>
						<Misc_Files Name="Item0">Datamodules\undmAquisicao.dfm*Forms</Misc_Files>
						<Misc_Files Name="Item1">Datamodules\undmConsulta.dfm*Forms</Misc_Files>
						<Misc_Files Name="Item2">Datamodules\undmInformacoesGeograficas.dfm*Forms</Misc_Files>
						<Misc_Files Name="Item3">Datamodules\undmMaterial.dfm*Forms</Misc_Files>
						<Misc_Files Name="Item4">Datamodules\undmPrincipal.dfm*Forms</Misc_Files>
						<Misc_Files Name="Item5">Datamodules\undmRelatorio.dfm*Forms</Misc_Files>
						<Misc_Files Name="Item6">Datamodules\undmSeguranca.dfm*Forms</Misc_Files>
						<Misc_Files Name="Item7">log4delphi\TConsoleUnit.dfm*Forms</Misc_Files>
						<Misc_Files Name="Item8">unAplEnviaEmail.dfm*Forms</Misc_Files>
						<Misc_Files Name="Item9">unAplOrdenaGrid.dfm*Forms</Misc_Files>
						<Misc_Files Name="Item10">unAplSobre.dfm*Forms</Misc_Files>
						<Misc_Files Name="Item11">unAplValidaAcesso.dfm*Forms</Misc_Files>
						<Misc_Files Name="Item12">unAplVisualizaImagem.dfm*Forms</Misc_Files>
						<Misc_Files Name="Item13">unCadAquisicao.dfm*Forms</Misc_Files>
						<Misc_Files Name="Item14">unCadAquisicaoParcela.dfm*Forms</Misc_Files>
						<Misc_Files Name="Item15">unCadBairro.dfm*Forms</Misc_Files>
						<Misc_Files Name="Item16">unCadCEP.dfm*Forms</Misc_Files>
						<Misc_Files Name="Item17">unCadDocumento.dfm*Forms</Misc_Files>
						<Misc_Files Name="Item18">unCadEmbalagem.dfm*Forms</Misc_Files>
						<Misc_Files Name="Item19">unCadFamilia.dfm*Forms</Misc_Files>
						<Misc_Files Name="Item20">unCadFormaPagamento.dfm*Forms</Misc_Files>
						<Misc_Files Name="Item21">unCadFornecedor.dfm*Forms</Misc_Files>
						<Misc_Files Name="Item22">unCadImagem.dfm*Forms</Misc_Files>
						<Misc_Files Name="Item23">unCadLimiteAquisicao.dfm*Forms</Misc_Files>
						<Misc_Files Name="Item24">unCadLocalidade.dfm*Forms</Misc_Files>
						<Misc_Files Name="Item25">unCadLogradouro.dfm*Forms</Misc_Files>
						<Misc_Files Name="Item26">unCadMarca.dfm*Forms</Misc_Files>
						<Misc_Files Name="Item27">unCadMaterial.dfm*Forms</Misc_Files>
						<Misc_Files Name="Item28">unCadModelo.dfm*Forms</Misc_Files>
						<Misc_Files Name="Item29">unCadMotivoUrgencia.dfm*Forms</Misc_Files>
						<Misc_Files Name="Item30">unCadNotificacao.dfm*Forms</Misc_Files>
						<Misc_Files Name="Item31">unCadNotificacaoAquisicao.dfm*Forms</Misc_Files>
						<Misc_Files Name="Item32">unCadPais.dfm*Forms</Misc_Files>
						<Misc_Files Name="Item33">unCadParametro.dfm*Forms</Misc_Files>
						<Misc_Files Name="Item34">unCadPerfil.dfm*Forms</Misc_Files>
						<Misc_Files Name="Item35">unCadTipoAquisicao.dfm*Forms</Misc_Files>
						<Misc_Files Name="Item36">unCadUF.dfm*Forms</Misc_Files>
						<Misc_Files Name="Item37">unCadUsuario.dfm*Forms</Misc_Files>
						<Misc_Files Name="Item38">unCadUsuarioAlteraSenha.dfm*Forms</Misc_Files>
						<Misc_Files Name="Item39">unConAquisicao.dfm*Forms</Misc_Files>
						<Misc_Files Name="Item40">unConAquisicaoEntregasPendentes.dfm*Forms</Misc_Files>
						<Misc_Files Name="Item41">unConAquisicaoItens.dfm*Forms</Misc_Files>
						<Misc_Files Name="Item42">unConAquisicaoParcelasPendentes.dfm*Forms</Misc_Files>
						<Misc_Files Name="Item43">unConFiltroMaterial.dfm*Forms</Misc_Files>
						<Misc_Files Name="Item44">unConFiltroPadrao.dfm*Forms</Misc_Files>
						<Misc_Files Name="Item45">unConMaterial.dfm*Forms</Misc_Files>
						<Misc_Files Name="Item46">unConPadrao.dfm*Forms</Misc_Files>
						<Misc_Files Name="Item47">unPrincipal.dfm*Forms</Misc_Files>
						<Misc_Files Name="Item48">unRelHistoricoAquisicao.dfm*Forms</Misc_Files>
						<Misc_Files Name="Item49">unRelHistoricoAquisicaoParcela.dfm*Forms</Misc_Files>
					</Misc_Files>
					<RDP_Source_Files>
						<RDP_Source_Files Name="Item0">unPrincipal.dfm</RDP_Source_Files>
						<RDP_Source_Files Name="Item1">datamodules\undmAquisicao.dfm</RDP_Source_Files>
						<RDP_Source_Files Name="Item2">datamodules\undmConsulta.dfm</RDP_Source_Files>
						<RDP_Source_Files Name="Item3">datamodules\undmInformacoesGeograficas.dfm</RDP_Source_Files>
						<RDP_Source_Files Name="Item4">datamodules\undmMaterial.dfm</RDP_Source_Files>
						<RDP_Source_Files Name="Item5">datamodules\undmPrincipal.dfm</RDP_Source_Files>
						<RDP_Source_Files Name="Item6">datamodules\undmSeguranca.dfm</RDP_Source_Files>
						<RDP_Source_Files Name="Item7">log4delphi\TConsoleUnit.dfm</RDP_Source_Files>
						<RDP_Source_Files Name="Item8">unAplEnviaEmail.dfm</RDP_Source_Files>
						<RDP_Source_Files Name="Item9">unAplSobre.dfm</RDP_Source_Files>
						<RDP_Source_Files Name="Item10">unCadUsuarioAlteraSenha.dfm</RDP_Source_Files>
						<RDP_Source_Files Name="Item11">unCadDocumento.dfm</RDP_Source_Files>
						<RDP_Source_Files Name="Item12">unAplVisualizaImagem.dfm</RDP_Source_Files>
						<RDP_Source_Files Name="Item13">unCadImagem.dfm</RDP_Source_Files>
						<RDP_Source_Files Name="Item14">unCadPerfil.dfm</RDP_Source_Files>
						<RDP_Source_Files Name="Item15">unConFiltroPadrao.dfm</RDP_Source_Files>
						<RDP_Source_Files Name="Item16">unConFiltroMaterial.dfm</RDP_Source_Files>
						<RDP_Source_Files Name="Item17">unConPadrao.dfm</RDP_Source_Files>
						<RDP_Source_Files Name="Item18">unCadUsuario.dfm</RDP_Source_Files>
						<RDP_Source_Files Name="Item19">unCadTipoAquisicao.dfm</RDP_Source_Files>
						<RDP_Source_Files Name="Item20">unCadParametro.dfm</RDP_Source_Files>
						<RDP_Source_Files Name="Item21">unCadFormaPagamento.dfm</RDP_Source_Files>
						<RDP_Source_Files Name="Item22">unCadFornecedor.dfm</RDP_Source_Files>
						<RDP_Source_Files Name="Item23">unCadMotivoUrgencia.dfm</RDP_Source_Files>
						<RDP_Source_Files Name="Item24">unCadMarca.dfm</RDP_Source_Files>
						<RDP_Source_Files Name="Item25">unCadModelo.dfm</RDP_Source_Files>
						<RDP_Source_Files Name="Item26">unCadPais.dfm</RDP_Source_Files>
						<RDP_Source_Files Name="Item27">unCadUF.dfm</RDP_Source_Files>
						<RDP_Source_Files Name="Item28">unCadLocalidade.dfm</RDP_Source_Files>
						<RDP_Source_Files Name="Item29">unCadEmbalagem.dfm</RDP_Source_Files>
						<RDP_Source_Files Name="Item30">unCadBairro.dfm</RDP_Source_Files>
						<RDP_Source_Files Name="Item31">unCadCEP.dfm</RDP_Source_Files>
						<RDP_Source_Files Name="Item32">unCadLogradouro.dfm</RDP_Source_Files>
						<RDP_Source_Files Name="Item33">unCadFamilia.dfm</RDP_Source_Files>
						<RDP_Source_Files Name="Item34">unCadNotificacao.dfm</RDP_Source_Files>
						<RDP_Source_Files Name="Item35">unCadNotificacaoAquisicao.dfm</RDP_Source_Files>
						<RDP_Source_Files Name="Item36">unAplValidaAcesso.dfm</RDP_Source_Files>
						<RDP_Source_Files Name="Item37">unCadMaterial.dfm</RDP_Source_Files>
						<RDP_Source_Files Name="Item38">unCadAquisicaoParcela.dfm</RDP_Source_Files>
						<RDP_Source_Files Name="Item39">unConAquisicao.dfm</RDP_Source_Files>
						<RDP_Source_Files Name="Item40">unConAquisicaoItens.dfm</RDP_Source_Files>
						<RDP_Source_Files Name="Item41">unConMaterial.dfm</RDP_Source_Files>
						<RDP_Source_Files Name="Item42">unCadAquisicao.dfm</RDP_Source_Files>
						<RDP_Source_Files Name="Item43">unConAquisicaoParcelasPendentes.dfm</RDP_Source_Files>
						<RDP_Source_Files Name="Item44">unConAquisicaoEntregasPendentes.dfm</RDP_Source_Files>
						<RDP_Source_Files Name="Item45">unAplOrdenaGrid.dfm</RDP_Source_Files>
						<RDP_Source_Files Name="Item46">Datamodules\undmRelatorio.dfm</RDP_Source_Files>
						<RDP_Source_Files Name="Item47">unRelHistoricoAquisicaoParcela.dfm</RDP_Source_Files>
						<RDP_Source_Files Name="Item48">unRelHistoricoAquisicao.dfm</RDP_Source_Files>
						<RDP_Source_Files Name="Item49">unCadLimiteAquisicao.dfm</RDP_Source_Files>
						<RDP_Source_Files Name="Item50">AquelooSIGA.drc</RDP_Source_Files>
					</RDP_Source_Files>
				</Delphi.Personality>
				<Platforms>
					<Platform value="Win64">False</Platform>
					<Platform value="Win32">True</Platform>
				</Platforms>
			</BorlandProject>
			<ProjectFileVersion>12</ProjectFileVersion>
		</ProjectExtensions>
		<Import Condition="Exists('$(APPDATA)\Embarcadero\$(BDSAPPDATABASEDIR)\$(PRODUCTVERSION)\UserTools.proj')" Project="$(APPDATA)\Embarcadero\$(BDSAPPDATABASEDIR)\$(PRODUCTVERSION)\UserTools.proj"/>
	</Project>
